// !$*UTF8*$!
{
	archiveVersion = 1;
	classes = {
	};
	objectVersion = 48;
	objects = {

/* Begin PBXBuildFile section */
		848C676AAEACAEBE1A9FBED6 /* Pods_LeagueFeed.framework in Frameworks */ = {isa = PBXBuildFile; fileRef = 406F315D2210F5D4FB6EE258 /* Pods_LeagueFeed.framework */; };
		D1CEA20E1FB975C10010FA8F /* Main.storyboard in Resources */ = {isa = PBXBuildFile; fileRef = D1CEA20C1FB975C10010FA8F /* Main.storyboard */; };
		D1CEA2101FB975C10010FA8F /* Assets.xcassets in Resources */ = {isa = PBXBuildFile; fileRef = D1CEA20F1FB975C10010FA8F /* Assets.xcassets */; };
		D1CEA2131FB975C10010FA8F /* LaunchScreen.storyboard in Resources */ = {isa = PBXBuildFile; fileRef = D1CEA2111FB975C10010FA8F /* LaunchScreen.storyboard */; };
		D1CEA22A1FB978330010FA8F /* AppDelegate.swift in Sources */ = {isa = PBXBuildFile; fileRef = D1CEA2241FB978330010FA8F /* AppDelegate.swift */; };
		D1CEA22B1FB978330010FA8F /* Cancelable.swift in Sources */ = {isa = PBXBuildFile; fileRef = D1CEA2261FB978330010FA8F /* Cancelable.swift */; };
		D1CEA22D1FB978330010FA8F /* ListCollectionViewController.swift in Sources */ = {isa = PBXBuildFile; fileRef = D1CEA2291FB978330010FA8F /* ListCollectionViewController.swift */; };
		D1CEA22F1FB978720010FA8F /* CustomHeaderView.swift in Sources */ = {isa = PBXBuildFile; fileRef = D1CEA22E1FB978720010FA8F /* CustomHeaderView.swift */; };
		D1CEA2331FB97AAD0010FA8F /* ChampCell.swift in Sources */ = {isa = PBXBuildFile; fileRef = D1CEA2311FB97AAD0010FA8F /* ChampCell.swift */; };
		D1CEA2341FB97AAD0010FA8F /* ChampCell.xib in Resources */ = {isa = PBXBuildFile; fileRef = D1CEA2321FB97AAD0010FA8F /* ChampCell.xib */; };
		D1CEA2361FB97F9A0010FA8F /* TabSource.swift in Sources */ = {isa = PBXBuildFile; fileRef = D1CEA2351FB97F9A0010FA8F /* TabSource.swift */; };
/* End PBXBuildFile section */

/* Begin PBXFileReference section */
		16B14099BF4AC890144F9279 /* Pods-LeagueFeed.debug.xcconfig */ = {isa = PBXFileReference; includeInIndex = 1; lastKnownFileType = text.xcconfig; name = "Pods-LeagueFeed.debug.xcconfig"; path = "Pods/Target Support Files/Pods-LeagueFeed/Pods-LeagueFeed.debug.xcconfig"; sourceTree = "<group>"; };
		406F315D2210F5D4FB6EE258 /* Pods_LeagueFeed.framework */ = {isa = PBXFileReference; explicitFileType = wrapper.framework; includeInIndex = 0; path = Pods_LeagueFeed.framework; sourceTree = BUILT_PRODUCTS_DIR; };
		D1CEA2051FB975C10010FA8F /* LeagueFeed.app */ = {isa = PBXFileReference; explicitFileType = wrapper.application; includeInIndex = 0; path = LeagueFeed.app; sourceTree = BUILT_PRODUCTS_DIR; };
		D1CEA20D1FB975C10010FA8F /* Base */ = {isa = PBXFileReference; lastKnownFileType = file.storyboard; name = Base; path = Base.lproj/Main.storyboard; sourceTree = "<group>"; };
		D1CEA20F1FB975C10010FA8F /* Assets.xcassets */ = {isa = PBXFileReference; lastKnownFileType = folder.assetcatalog; path = Assets.xcassets; sourceTree = "<group>"; };
		D1CEA2121FB975C10010FA8F /* Base */ = {isa = PBXFileReference; lastKnownFileType = file.storyboard; name = Base; path = Base.lproj/LaunchScreen.storyboard; sourceTree = "<group>"; };
		D1CEA2141FB975C10010FA8F /* Info.plist */ = {isa = PBXFileReference; lastKnownFileType = text.plist.xml; path = Info.plist; sourceTree = "<group>"; };
		D1CEA2241FB978330010FA8F /* AppDelegate.swift */ = {isa = PBXFileReference; fileEncoding = 4; lastKnownFileType = sourcecode.swift; path = AppDelegate.swift; sourceTree = "<group>"; };
		D1CEA2261FB978330010FA8F /* Cancelable.swift */ = {isa = PBXFileReference; fileEncoding = 4; lastKnownFileType = sourcecode.swift; path = Cancelable.swift; sourceTree = "<group>"; };
		D1CEA2291FB978330010FA8F /* ListCollectionViewController.swift */ = {isa = PBXFileReference; fileEncoding = 4; lastKnownFileType = sourcecode.swift; path = ListCollectionViewController.swift; sourceTree = "<group>"; };
		D1CEA22E1FB978720010FA8F /* CustomHeaderView.swift */ = {isa = PBXFileReference; lastKnownFileType = sourcecode.swift; path = CustomHeaderView.swift; sourceTree = "<group>"; };
		D1CEA2311FB97AAD0010FA8F /* ChampCell.swift */ = {isa = PBXFileReference; lastKnownFileType = sourcecode.swift; path = ChampCell.swift; sourceTree = "<group>"; };
		D1CEA2321FB97AAD0010FA8F /* ChampCell.xib */ = {isa = PBXFileReference; lastKnownFileType = file.xib; path = ChampCell.xib; sourceTree = "<group>"; };
		D1CEA2351FB97F9A0010FA8F /* TabSource.swift */ = {isa = PBXFileReference; lastKnownFileType = sourcecode.swift; path = TabSource.swift; sourceTree = "<group>"; };
		D9B50E719345AA6E118A48EA /* Pods-LeagueFeed.release.xcconfig */ = {isa = PBXFileReference; includeInIndex = 1; lastKnownFileType = text.xcconfig; name = "Pods-LeagueFeed.release.xcconfig"; path = "Pods/Target Support Files/Pods-LeagueFeed/Pods-LeagueFeed.release.xcconfig"; sourceTree = "<group>"; };
/* End PBXFileReference section */

/* Begin PBXFrameworksBuildPhase section */
		D1CEA2021FB975C10010FA8F /* Frameworks */ = {
			isa = PBXFrameworksBuildPhase;
			buildActionMask = 2147483647;
			files = (
				848C676AAEACAEBE1A9FBED6 /* Pods_LeagueFeed.framework in Frameworks */,
			);
			runOnlyForDeploymentPostprocessing = 0;
		};
/* End PBXFrameworksBuildPhase section */

/* Begin PBXGroup section */
		692E405E0B3065F851C0B7C7 /* Frameworks */ = {
			isa = PBXGroup;
			children = (
				406F315D2210F5D4FB6EE258 /* Pods_LeagueFeed.framework */,
			);
			name = Frameworks;
			sourceTree = "<group>";
		};
		CAFF77D2589D9A159DB13A19 /* Pods */ = {
			isa = PBXGroup;
			children = (
				16B14099BF4AC890144F9279 /* Pods-LeagueFeed.debug.xcconfig */,
				D9B50E719345AA6E118A48EA /* Pods-LeagueFeed.release.xcconfig */,
			);
			name = Pods;
			sourceTree = "<group>";
		};
		D1CEA1FC1FB975C10010FA8F = {
			isa = PBXGroup;
			children = (
				D1CEA2071FB975C10010FA8F /* LeagueFeed */,
				D1CEA2061FB975C10010FA8F /* Products */,
				CAFF77D2589D9A159DB13A19 /* Pods */,
				692E405E0B3065F851C0B7C7 /* Frameworks */,
			);
			sourceTree = "<group>";
		};
		D1CEA2061FB975C10010FA8F /* Products */ = {
			isa = PBXGroup;
			children = (
				D1CEA2051FB975C10010FA8F /* LeagueFeed.app */,
			);
			name = Products;
			sourceTree = "<group>";
		};
		D1CEA2071FB975C10010FA8F /* LeagueFeed */ = {
			isa = PBXGroup;
			children = (
				D1CEA2231FB978330010FA8F /* Application */,
				D1CEA2251FB978330010FA8F /* Services */,
				D1CEA2281FB978330010FA8F /* View */,
				D1CEA20C1FB975C10010FA8F /* Main.storyboard */,
				D1CEA20F1FB975C10010FA8F /* Assets.xcassets */,
				D1CEA2111FB975C10010FA8F /* LaunchScreen.storyboard */,
				D1CEA2141FB975C10010FA8F /* Info.plist */,
			);
			path = LeagueFeed;
			sourceTree = "<group>";
		};
		D1CEA2231FB978330010FA8F /* Application */ = {
			isa = PBXGroup;
			children = (
				D1CEA2241FB978330010FA8F /* AppDelegate.swift */,
			);
			path = Application;
			sourceTree = "<group>";
		};
		D1CEA2251FB978330010FA8F /* Services */ = {
			isa = PBXGroup;
			children = (
				D1CEA2261FB978330010FA8F /* Cancelable.swift */,
				D1CEA2351FB97F9A0010FA8F /* TabSource.swift */,
			);
			path = Services;
			sourceTree = "<group>";
		};
		D1CEA2281FB978330010FA8F /* View */ = {
			isa = PBXGroup;
			children = (
				D1CEA2301FB97A760010FA8F /* Cell */,
				D1CEA2291FB978330010FA8F /* ListCollectionViewController.swift */,
				D1CEA22E1FB978720010FA8F /* CustomHeaderView.swift */,
			);
			path = View;
			sourceTree = "<group>";
		};
		D1CEA2301FB97A760010FA8F /* Cell */ = {
			isa = PBXGroup;
			children = (
				D1CEA2311FB97AAD0010FA8F /* ChampCell.swift */,
				D1CEA2321FB97AAD0010FA8F /* ChampCell.xib */,
			);
			path = Cell;
			sourceTree = "<group>";
		};
/* End PBXGroup section */

/* Begin PBXNativeTarget section */
		D1CEA2041FB975C10010FA8F /* LeagueFeed */ = {
			isa = PBXNativeTarget;
			buildConfigurationList = D1CEA2171FB975C10010FA8F /* Build configuration list for PBXNativeTarget "LeagueFeed" */;
			buildPhases = (
				DE05E91AE789927A0D05C01A /* [CP] Check Pods Manifest.lock */,
				D1CEA2011FB975C10010FA8F /* Sources */,
				D1CEA2021FB975C10010FA8F /* Frameworks */,
				D1CEA2031FB975C10010FA8F /* Resources */,
				3E89DFFB67750492DB362D02 /* [CP] Embed Pods Frameworks */,
				D8C671E36EFEA3F82E886262 /* [CP] Copy Pods Resources */,
			);
			buildRules = (
			);
			dependencies = (
			);
			name = LeagueFeed;
			productName = LeagueFeed;
			productReference = D1CEA2051FB975C10010FA8F /* LeagueFeed.app */;
			productType = "com.apple.product-type.application";
		};
/* End PBXNativeTarget section */

/* Begin PBXProject section */
		D1CEA1FD1FB975C10010FA8F /* Project object */ = {
			isa = PBXProject;
			attributes = {
				LastSwiftUpdateCheck = 0910;
				LastUpgradeCheck = 0910;
				ORGANIZATIONNAME = kanchanproseth;
				TargetAttributes = {
					D1CEA2041FB975C10010FA8F = {
						CreatedOnToolsVersion = 9.1;
						ProvisioningStyle = Automatic;
					};
				};
			};
			buildConfigurationList = D1CEA2001FB975C10010FA8F /* Build configuration list for PBXProject "LeagueFeed" */;
			compatibilityVersion = "Xcode 8.0";
			developmentRegion = en;
			hasScannedForEncodings = 0;
			knownRegions = (
				en,
				Base,
			);
			mainGroup = D1CEA1FC1FB975C10010FA8F;
			productRefGroup = D1CEA2061FB975C10010FA8F /* Products */;
			projectDirPath = "";
			projectRoot = "";
			targets = (
				D1CEA2041FB975C10010FA8F /* LeagueFeed */,
			);
		};
/* End PBXProject section */

/* Begin PBXResourcesBuildPhase section */
		D1CEA2031FB975C10010FA8F /* Resources */ = {
			isa = PBXResourcesBuildPhase;
			buildActionMask = 2147483647;
			files = (
				D1CEA2131FB975C10010FA8F /* LaunchScreen.storyboard in Resources */,
				D1CEA2101FB975C10010FA8F /* Assets.xcassets in Resources */,
				D1CEA20E1FB975C10010FA8F /* Main.storyboard in Resources */,
				D1CEA2341FB97AAD0010FA8F /* ChampCell.xib in Resources */,
			);
			runOnlyForDeploymentPostprocessing = 0;
		};
/* End PBXResourcesBuildPhase section */

/* Begin PBXShellScriptBuildPhase section */
		3E89DFFB67750492DB362D02 /* [CP] Embed Pods Frameworks */ = {
			isa = PBXShellScriptBuildPhase;
			buildActionMask = 2147483647;
			files = (
			);
			inputPaths = (
			);
			name = "[CP] Embed Pods Frameworks";
			outputPaths = (
			);
			runOnlyForDeploymentPostprocessing = 0;
			shellPath = /bin/sh;
			shellScript = "\"${SRCROOT}/Pods/Target Support Files/Pods-LeagueFeed/Pods-LeagueFeed-frameworks.sh\"\n";
			showEnvVarsInLog = 0;
		};
		D8C671E36EFEA3F82E886262 /* [CP] Copy Pods Resources */ = {
			isa = PBXShellScriptBuildPhase;
			buildActionMask = 2147483647;
			files = (
			);
			inputPaths = (
			);
			name = "[CP] Copy Pods Resources";
			outputPaths = (
			);
			runOnlyForDeploymentPostprocessing = 0;
			shellPath = /bin/sh;
			shellScript = "\"${SRCROOT}/Pods/Target Support Files/Pods-LeagueFeed/Pods-LeagueFeed-resources.sh\"\n";
			showEnvVarsInLog = 0;
		};
		DE05E91AE789927A0D05C01A /* [CP] Check Pods Manifest.lock */ = {
			isa = PBXShellScriptBuildPhase;
			buildActionMask = 2147483647;
			files = (
			);
			inputPaths = (
			);
			name = "[CP] Check Pods Manifest.lock";
			outputPaths = (
			);
			runOnlyForDeploymentPostprocessing = 0;
			shellPath = /bin/sh;
			shellScript = "diff \"${PODS_PODFILE_DIR_PATH}/Podfile.lock\" \"${PODS_ROOT}/Manifest.lock\" > /dev/null\nif [ $? != 0 ] ; then\n    # print error to STDERR\n    echo \"error: The sandbox is not in sync with the Podfile.lock. Run 'pod install' or update your CocoaPods installation.\" >&2\n    exit 1\nfi\n";
			showEnvVarsInLog = 0;
		};
/* End PBXShellScriptBuildPhase section */

/* Begin PBXSourcesBuildPhase section */
		D1CEA2011FB975C10010FA8F /* Sources */ = {
			isa = PBXSourcesBuildPhase;
			buildActionMask = 2147483647;
			files = (
				D1CEA22F1FB978720010FA8F /* CustomHeaderView.swift in Sources */,
				D1CEA22A1FB978330010FA8F /* AppDelegate.swift in Sources */,
				D1CEA2361FB97F9A0010FA8F /* TabSource.swift in Sources */,
				D1CEA22D1FB978330010FA8F /* ListCollectionViewController.swift in Sources */,
				D1CEA22B1FB978330010FA8F /* Cancelable.swift in Sources */,
				D1CEA2331FB97AAD0010FA8F /* ChampCell.swift in Sources */,
			);
			runOnlyForDeploymentPostprocessing = 0;
		};
/* End PBXSourcesBuildPhase section */

/* Begin PBXVariantGroup section */
		D1CEA20C1FB975C10010FA8F /* Main.storyboard */ = {
			isa = PBXVariantGroup;
			children = (
				D1CEA20D1FB975C10010FA8F /* Base */,
			);
			name = Main.storyboard;
			sourceTree = "<group>";
		};
		D1CEA2111FB975C10010FA8F /* LaunchScreen.storyboard */ = {
			isa = PBXVariantGroup;
			children = (
				D1CEA2121FB975C10010FA8F /* Base */,
			);
			name = LaunchScreen.storyboard;
			sourceTree = "<group>";
		};
/* End PBXVariantGroup section */

/* Begin XCBuildConfiguration section */
		D1CEA2151FB975C10010FA8F /* Debug */ = {
			isa = XCBuildConfiguration;
			buildSettings = {
				ALWAYS_SEARCH_USER_PATHS = NO;
				CLANG_ANALYZER_NONNULL = YES;
				CLANG_ANALYZER_NUMBER_OBJECT_CONVERSION = YES_AGGRESSIVE;
				CLANG_CXX_LANGUAGE_STANDARD = "gnu++14";
				CLANG_CXX_LIBRARY = "libc++";
				CLANG_ENABLE_MODULES = YES;
				CLANG_ENABLE_OBJC_ARC = YES;
				CLANG_WARN_BLOCK_CAPTURE_AUTORELEASING = YES;
				CLANG_WARN_BOOL_CONVERSION = YES;
				CLANG_WARN_COMMA = YES;
				CLANG_WARN_CONSTANT_CONVERSION = YES;
				CLANG_WARN_DIRECT_OBJC_ISA_USAGE = YES_ERROR;
				CLANG_WARN_DOCUMENTATION_COMMENTS = YES;
				CLANG_WARN_EMPTY_BODY = YES;
				CLANG_WARN_ENUM_CONVERSION = YES;
				CLANG_WARN_INFINITE_RECURSION = YES;
				CLANG_WARN_INT_CONVERSION = YES;
				CLANG_WARN_NON_LITERAL_NULL_CONVERSION = YES;
				CLANG_WARN_OBJC_LITERAL_CONVERSION = YES;
				CLANG_WARN_OBJC_ROOT_CLASS = YES_ERROR;
				CLANG_WARN_RANGE_LOOP_ANALYSIS = YES;
				CLANG_WARN_STRICT_PROTOTYPES = YES;
				CLANG_WARN_SUSPICIOUS_MOVE = YES;
				CLANG_WARN_UNGUARDED_AVAILABILITY = YES_AGGRESSIVE;
				CLANG_WARN_UNREACHABLE_CODE = YES;
				CLANG_WARN__DUPLICATE_METHOD_MATCH = YES;
				CODE_SIGN_IDENTITY = "iPhone Developer";
				COPY_PHASE_STRIP = NO;
				DEBUG_INFORMATION_FORMAT = dwarf;
				ENABLE_STRICT_OBJC_MSGSEND = YES;
				ENABLE_TESTABILITY = YES;
				GCC_C_LANGUAGE_STANDARD = gnu11;
				GCC_DYNAMIC_NO_PIC = NO;
				GCC_NO_COMMON_BLOCKS = YES;
				GCC_OPTIMIZATION_LEVEL = 0;
				GCC_PREPROCESSOR_DEFINITIONS = (
					"DEBUG=1",
					"$(inherited)",
				);
				GCC_WARN_64_TO_32_BIT_CONVERSION = YES;
				GCC_WARN_ABOUT_RETURN_TYPE = YES_ERROR;
				GCC_WARN_UNDECLARED_SELECTOR = YES;
				GCC_WARN_UNINITIALIZED_AUTOS = YES_AGGRESSIVE;
				GCC_WARN_UNUSED_FUNCTION = YES;
				GCC_WARN_UNUSED_VARIABLE = YES;
				IPHONEOS_DEPLOYMENT_TARGET = 11.1;
				MTL_ENABLE_DEBUG_INFO = YES;
				ONLY_ACTIVE_ARCH = YES;
				SDKROOT = iphoneos;
				SWIFT_ACTIVE_COMPILATION_CONDITIONS = DEBUG;
				SWIFT_OPTIMIZATION_LEVEL = "-Onone";
			};
			name = Debug;
		};
		D1CEA2161FB975C10010FA8F /* Release */ = {
			isa = XCBuildConfiguration;
			buildSettings = {
				ALWAYS_SEARCH_USER_PATHS = NO;
				CLANG_ANALYZER_NONNULL = YES;
				CLANG_ANALYZER_NUMBER_OBJECT_CONVERSION = YES_AGGRESSIVE;
				CLANG_CXX_LANGUAGE_STANDARD = "gnu++14";
				CLANG_CXX_LIBRARY = "libc++";
				CLANG_ENABLE_MODULES = YES;
				CLANG_ENABLE_OBJC_ARC = YES;
				CLANG_WARN_BLOCK_CAPTURE_AUTORELEASING = YES;
				CLANG_WARN_BOOL_CONVERSION = YES;
				CLANG_WARN_COMMA = YES;
				CLANG_WARN_CONSTANT_CONVERSION = YES;
				CLANG_WARN_DIRECT_OBJC_ISA_USAGE = YES_ERROR;
				CLANG_WARN_DOCUMENTATION_COMMENTS = YES;
				CLANG_WARN_EMPTY_BODY = YES;
				CLANG_WARN_ENUM_CONVERSION = YES;
				CLANG_WARN_INFINITE_RECURSION = YES;
				CLANG_WARN_INT_CONVERSION = YES;
				CLANG_WARN_NON_LITERAL_NULL_CONVERSION = YES;
				CLANG_WARN_OBJC_LITERAL_CONVERSION = YES;
				CLANG_WARN_OBJC_ROOT_CLASS = YES_ERROR;
				CLANG_WARN_RANGE_LOOP_ANALYSIS = YES;
				CLANG_WARN_STRICT_PROTOTYPES = YES;
				CLANG_WARN_SUSPICIOUS_MOVE = YES;
				CLANG_WARN_UNGUARDED_AVAILABILITY = YES_AGGRESSIVE;
				CLANG_WARN_UNREACHABLE_CODE = YES;
				CLANG_WARN__DUPLICATE_METHOD_MATCH = YES;
				CODE_SIGN_IDENTITY = "iPhone Developer";
				COPY_PHASE_STRIP = NO;
				DEBUG_INFORMATION_FORMAT = "dwarf-with-dsym";
				ENABLE_NS_ASSERTIONS = NO;
				ENABLE_STRICT_OBJC_MSGSEND = YES;
				GCC_C_LANGUAGE_STANDARD = gnu11;
				GCC_NO_COMMON_BLOCKS = YES;
				GCC_WARN_64_TO_32_BIT_CONVERSION = YES;
				GCC_WARN_ABOUT_RETURN_TYPE = YES_ERROR;
				GCC_WARN_UNDECLARED_SELECTOR = YES;
				GCC_WARN_UNINITIALIZED_AUTOS = YES_AGGRESSIVE;
				GCC_WARN_UNUSED_FUNCTION = YES;
				GCC_WARN_UNUSED_VARIABLE = YES;
				IPHONEOS_DEPLOYMENT_TARGET = 11.1;
				MTL_ENABLE_DEBUG_INFO = NO;
				SDKROOT = iphoneos;
				SWIFT_OPTIMIZATION_LEVEL = "-Owholemodule";
				VALIDATE_PRODUCT = YES;
			};
			name = Release;
		};
		D1CEA2181FB975C10010FA8F /* Debug */ = {
			isa = XCBuildConfiguration;
			baseConfigurationReference = 16B14099BF4AC890144F9279 /* Pods-LeagueFeed.debug.xcconfig */;
			buildSettings = {
				ASSETCATALOG_COMPILER_APPICON_NAME = AppIcon;
				CODE_SIGN_STYLE = Automatic;
				DEVELOPMENT_TEAM = DEE97ABVRX;
				INFOPLIST_FILE = LeagueFeed/Info.plist;
				LD_RUNPATH_SEARCH_PATHS = "$(inherited) @executable_path/Frameworks";
				PRODUCT_BUNDLE_IDENTIFIER = com.kanchanproseth.LeagueFeed;
				PRODUCT_NAME = "$(TARGET_NAME)";
				SWIFT_VERSION = 4.0;
				TARGETED_DEVICE_FAMILY = "1,2";
			};
			name = Debug;
		};
		D1CEA2191FB975C10010FA8F /* Release */ = {
			isa = XCBuildConfiguration;
			baseConfigurationReference = D9B50E719345AA6E118A48EA /* Pods-LeagueFeed.release.xcconfig */;
			buildSettings = {
				ASSETCATALOG_COMPILER_APPICON_NAME = AppIcon;
				CODE_SIGN_STYLE = Automatic;
				DEVELOPMENT_TEAM = DEE97ABVRX;
				INFOPLIST_FILE = LeagueFeed/Info.plist;
				LD_RUNPATH_SEARCH_PATHS = "$(inherited) @executable_path/Frameworks";
				PRODUCT_BUNDLE_IDENTIFIER = com.kanchanproseth.LeagueFeed;
				PRODUCT_NAME = "$(TARGET_NAME)";
				SWIFT_VERSION = 4.0;
				TARGETED_DEVICE_FAMILY = "1,2";
			};
			name = Release;
		};
/* End XCBuildConfiguration section */

/* Begin XCConfigurationList section */
		D1CEA2001FB975C10010FA8F /* Build configuration list for PBXProject "LeagueFeed" */ = {
			isa = XCConfigurationList;
			buildConfigurations = (
				D1CEA2151FB975C10010FA8F /* Debug */,
				D1CEA2161FB975C10010FA8F /* Release */,
			);
			defaultConfigurationIsVisible = 0;
			defaultConfigurationName = Release;
		};
		D1CEA2171FB975C10010FA8F /* Build configuration list for PBXNativeTarget "LeagueFeed" */ = {
			isa = XCConfigurationList;
			buildConfigurations = (
				D1CEA2181FB975C10010FA8F /* Debug */,
				D1CEA2191FB975C10010FA8F /* Release */,
			);
			defaultConfigurationIsVisible = 0;
			defaultConfigurationName = Release;
		};
/* End XCConfigurationList section */
	};
	rootObject = D1CEA1FD1FB975C10010FA8F /* Project object */;
}
